
Microsoft Visual Studio Solution File, Format Version 12.00
# Visual Studio Version 16
VisualStudioVersion = 16.0.29503.13
MinimumVisualStudioVersion = 10.0.40219.1
Project("{FAE04EC0-301F-11D3-BF4B-00C04F79EFBC}") = "APIproject", "APIproject\APIproject.csproj", "{5251CCBE-7183-43FA-A71C-29ED5DBD6451}"
EndProject
Global
	GlobalSection(SolutionConfigurationPlatforms) = preSolution
		Debug|Any CPU = Debug|Any CPU
		Release|Any CPU = Release|Any CPU
	EndGlobalSection
	GlobalSection(ProjectConfigurationPlatforms) = postSolution
		{5251CCBE-7183-43FA-A71C-29ED5DBD6451}.Debug|Any CPU.ActiveCfg = Debug|Any CPU
		{5251CCBE-7183-43FA-A71C-29ED5DBD6451}.Debug|Any CPU.Build.0 = Debug|Any CPU
		{5251CCBE-7183-43FA-A71C-29ED5DBD6451}.Release|Any CPU.ActiveCfg = Release|Any CPU
		{5251CCBE-7183-43FA-A71C-29ED5DBD6451}.Release|Any CPU.Build.0 = Release|Any CPU
	EndGlobalSection
	GlobalSection(SolutionProperties) = preSolution
		HideSolutionNode = FALSE
	EndGlobalSection
	GlobalSection(ExtensibilityGlobals) = postSolution
		SolutionGuid = {45370F27-3C7A-446B-8200-77531BB4FE5B}
	EndGlobalSection
EndGlobal
